// !$*UTF8*$!
{
	archiveVersion = 1;
	classes = {
	};
	objectVersion = 50;
	objects = {

/* Begin PBXBuildFile section */
		95B53B5125235CF600F0E258 /* NewsAppMVVMSwiftUIApp.swift in Sources */ = {isa = PBXBuildFile; fileRef = 95B53B5025235CF600F0E258 /* NewsAppMVVMSwiftUIApp.swift */; };
		95B53B5325235CF600F0E258 /* ContentView.swift in Sources */ = {isa = PBXBuildFile; fileRef = 95B53B5225235CF600F0E258 /* ContentView.swift */; };
		95B53B5525235CF800F0E258 /* Assets.xcassets in Resources */ = {isa = PBXBuildFile; fileRef = 95B53B5425235CF800F0E258 /* Assets.xcassets */; };
		95B53B5825235CF800F0E258 /* Preview Assets.xcassets in Resources */ = {isa = PBXBuildFile; fileRef = 95B53B5725235CF800F0E258 /* Preview Assets.xcassets */; };
		95B53B6525235F6D00F0E258 /* News.swift in Sources */ = {isa = PBXBuildFile; fileRef = 95B53B6425235F6D00F0E258 /* News.swift */; };
		95B53B6A252360EF00F0E258 /* API.swift in Sources */ = {isa = PBXBuildFile; fileRef = 95B53B69252360EF00F0E258 /* API.swift */; };
		95B53B6E252364BC00F0E258 /* NetworkManager.swift in Sources */ = {isa = PBXBuildFile; fileRef = 95B53B6D252364BC00F0E258 /* NetworkManager.swift */; };
		95B53B712523686F00F0E258 /* NewsViewModel.swift in Sources */ = {isa = PBXBuildFile; fileRef = 95B53B702523686F00F0E258 /* NewsViewModel.swift */; };
		95B53B74252369AD00F0E258 /* NewsListVM.swift in Sources */ = {isa = PBXBuildFile; fileRef = 95B53B73252369AD00F0E258 /* NewsListVM.swift */; };
		95B53B7725236EBA00F0E258 /* NewsListView.swift in Sources */ = {isa = PBXBuildFile; fileRef = 95B53B7625236EBA00F0E258 /* NewsListView.swift */; };
		95B53B7A2523705900F0E258 /* NewsCell.swift in Sources */ = {isa = PBXBuildFile; fileRef = 95B53B792523705900F0E258 /* NewsCell.swift */; };
		95B53B7F252475CF00F0E258 /* WebView.swift in Sources */ = {isa = PBXBuildFile; fileRef = 95B53B7E252475CF00F0E258 /* WebView.swift */; };
		95B53B83252476B100F0E258 /* NewsArticleWebView.swift in Sources */ = {isa = PBXBuildFile; fileRef = 95B53B82252476B100F0E258 /* NewsArticleWebView.swift */; };
/* End PBXBuildFile section */

/* Begin PBXFileReference section */
		95B53B4D25235CF600F0E258 /* NewsAppMVVMSwiftUI.app */ = {isa = PBXFileReference; explicitFileType = wrapper.application; includeInIndex = 0; path = NewsAppMVVMSwiftUI.app; sourceTree = BUILT_PRODUCTS_DIR; };
		95B53B5025235CF600F0E258 /* NewsAppMVVMSwiftUIApp.swift */ = {isa = PBXFileReference; lastKnownFileType = sourcecode.swift; path = NewsAppMVVMSwiftUIApp.swift; sourceTree = "<group>"; };
		95B53B5225235CF600F0E258 /* ContentView.swift */ = {isa = PBXFileReference; lastKnownFileType = sourcecode.swift; path = ContentView.swift; sourceTree = "<group>"; };
		95B53B5425235CF800F0E258 /* Assets.xcassets */ = {isa = PBXFileReference; lastKnownFileType = folder.assetcatalog; path = Assets.xcassets; sourceTree = "<group>"; };
		95B53B5725235CF800F0E258 /* Preview Assets.xcassets */ = {isa = PBXFileReference; lastKnownFileType = folder.assetcatalog; path = "Preview Assets.xcassets"; sourceTree = "<group>"; };
		95B53B5925235CF800F0E258 /* Info.plist */ = {isa = PBXFileReference; lastKnownFileType = text.plist.xml; path = Info.plist; sourceTree = "<group>"; };
		95B53B6425235F6D00F0E258 /* News.swift */ = {isa = PBXFileReference; lastKnownFileType = sourcecode.swift; path = News.swift; sourceTree = "<group>"; };
		95B53B69252360EF00F0E258 /* API.swift */ = {isa = PBXFileReference; lastKnownFileType = sourcecode.swift; path = API.swift; sourceTree = "<group>"; };
		95B53B6D252364BC00F0E258 /* NetworkManager.swift */ = {isa = PBXFileReference; lastKnownFileType = sourcecode.swift; path = NetworkManager.swift; sourceTree = "<group>"; };
		95B53B702523686F00F0E258 /* NewsViewModel.swift */ = {isa = PBXFileReference; lastKnownFileType = sourcecode.swift; path = NewsViewModel.swift; sourceTree = "<group>"; };
		95B53B73252369AD00F0E258 /* NewsListVM.swift */ = {isa = PBXFileReference; lastKnownFileType = sourcecode.swift; path = NewsListVM.swift; sourceTree = "<group>"; };
		95B53B7625236EBA00F0E258 /* NewsListView.swift */ = {isa = PBXFileReference; lastKnownFileType = sourcecode.swift; path = NewsListView.swift; sourceTree = "<group>"; };
		95B53B792523705900F0E258 /* NewsCell.swift */ = {isa = PBXFileReference; lastKnownFileType = sourcecode.swift; path = NewsCell.swift; sourceTree = "<group>"; };
		95B53B7E252475CF00F0E258 /* WebView.swift */ = {isa = PBXFileReference; lastKnownFileType = sourcecode.swift; path = WebView.swift; sourceTree = "<group>"; };
		95B53B82252476B100F0E258 /* NewsArticleWebView.swift */ = {isa = PBXFileReference; lastKnownFileType = sourcecode.swift; path = NewsArticleWebView.swift; sourceTree = "<group>"; };
/* End PBXFileReference section */

/* Begin PBXFrameworksBuildPhase section */
		95B53B4A25235CF600F0E258 /* Frameworks */ = {
			isa = PBXFrameworksBuildPhase;
			buildActionMask = 2147483647;
			files = (
			);
			runOnlyForDeploymentPostprocessing = 0;
		};
/* End PBXFrameworksBuildPhase section */

/* Begin PBXGroup section */
		95B53B4425235CF600F0E258 = {
			isa = PBXGroup;
			children = (
				95B53B4F25235CF600F0E258 /* NewsAppMVVMSwiftUI */,
				95B53B4E25235CF600F0E258 /* Products */,
			);
			sourceTree = "<group>";
		};
		95B53B4E25235CF600F0E258 /* Products */ = {
			isa = PBXGroup;
			children = (
				95B53B4D25235CF600F0E258 /* NewsAppMVVMSwiftUI.app */,
			);
			name = Products;
			sourceTree = "<group>";
		};
		95B53B4F25235CF600F0E258 /* NewsAppMVVMSwiftUI */ = {
			isa = PBXGroup;
			children = (
				95B53B7D252475BB00F0E258 /* Components */,
				95B53B6C2523649C00F0E258 /* Services */,
				95B53B68252360DC00F0E258 /* Config */,
				95B53B6325235DC800F0E258 /* Views */,
				95B53B6225235DAA00F0E258 /* ViewModels */,
				95B53B6125235DA300F0E258 /* Models */,
				95B53B5025235CF600F0E258 /* NewsAppMVVMSwiftUIApp.swift */,
				95B53B5225235CF600F0E258 /* ContentView.swift */,
				95B53B5425235CF800F0E258 /* Assets.xcassets */,
				95B53B5925235CF800F0E258 /* Info.plist */,
				95B53B5625235CF800F0E258 /* Preview Content */,
			);
			path = NewsAppMVVMSwiftUI;
			sourceTree = "<group>";
		};
		95B53B5625235CF800F0E258 /* Preview Content */ = {
			isa = PBXGroup;
			children = (
				95B53B5725235CF800F0E258 /* Preview Assets.xcassets */,
			);
			path = "Preview Content";
			sourceTree = "<group>";
		};
		95B53B6125235DA300F0E258 /* Models */ = {
			isa = PBXGroup;
			children = (
				95B53B6425235F6D00F0E258 /* News.swift */,
			);
			path = Models;
			sourceTree = "<group>";
		};
		95B53B6225235DAA00F0E258 /* ViewModels */ = {
			isa = PBXGroup;
			children = (
				95B53B702523686F00F0E258 /* NewsViewModel.swift */,
				95B53B73252369AD00F0E258 /* NewsListVM.swift */,
			);
			path = ViewModels;
			sourceTree = "<group>";
		};
		95B53B6325235DC800F0E258 /* Views */ = {
			isa = PBXGroup;
			children = (
				95B53B7625236EBA00F0E258 /* NewsListView.swift */,
				95B53B792523705900F0E258 /* NewsCell.swift */,
				95B53B82252476B100F0E258 /* NewsArticleWebView.swift */,
			);
			path = Views;
			sourceTree = "<group>";
		};
		95B53B68252360DC00F0E258 /* Config */ = {
			isa = PBXGroup;
			children = (
				95B53B69252360EF00F0E258 /* API.swift */,
			);
			path = Config;
			sourceTree = "<group>";
		};
		95B53B6C2523649C00F0E258 /* Services */ = {
			isa = PBXGroup;
			children = (
				95B53B6D252364BC00F0E258 /* NetworkManager.swift */,
			);
			path = Services;
			sourceTree = "<group>";
		};
		95B53B7D252475BB00F0E258 /* Components */ = {
			isa = PBXGroup;
			children = (
				95B53B7E252475CF00F0E258 /* WebView.swift */,
			);
			path = Components;
			sourceTree = "<group>";
		};
/* End PBXGroup section */

/* Begin PBXNativeTarget section */
		95B53B4C25235CF600F0E258 /* NewsAppMVVMSwiftUI */ = {
			isa = PBXNativeTarget;
			buildConfigurationList = 95B53B5C25235CF800F0E258 /* Build configuration list for PBXNativeTarget "NewsAppMVVMSwiftUI" */;
			buildPhases = (
				95B53B4925235CF600F0E258 /* Sources */,
				95B53B4A25235CF600F0E258 /* Frameworks */,
				95B53B4B25235CF600F0E258 /* Resources */,
			);
			buildRules = (
			);
			dependencies = (
			);
			name = NewsAppMVVMSwiftUI;
			productName = NewsAppMVVMSwiftUI;
			productReference = 95B53B4D25235CF600F0E258 /* NewsAppMVVMSwiftUI.app */;
			productType = "com.apple.product-type.application";
		};
/* End PBXNativeTarget section */

/* Begin PBXProject section */
		95B53B4525235CF600F0E258 /* Project object */ = {
			isa = PBXProject;
			attributes = {
				LastSwiftUpdateCheck = 1200;
				LastUpgradeCheck = 1200;
				TargetAttributes = {
					95B53B4C25235CF600F0E258 = {
						CreatedOnToolsVersion = 12.0.1;
					};
				};
			};
			buildConfigurationList = 95B53B4825235CF600F0E258 /* Build configuration list for PBXProject "NewsAppMVVMSwiftUI" */;
			compatibilityVersion = "Xcode 9.3";
			developmentRegion = en;
			hasScannedForEncodings = 0;
			knownRegions = (
				en,
				Base,
			);
			mainGroup = 95B53B4425235CF600F0E258;
			productRefGroup = 95B53B4E25235CF600F0E258 /* Products */;
			projectDirPath = "";
			projectRoot = "";
			targets = (
				95B53B4C25235CF600F0E258 /* NewsAppMVVMSwiftUI */,
			);
		};
/* End PBXProject section */

/* Begin PBXResourcesBuildPhase section */
		95B53B4B25235CF600F0E258 /* Resources */ = {
			isa = PBXResourcesBuildPhase;
			buildActionMask = 2147483647;
			files = (
				95B53B5825235CF800F0E258 /* Preview Assets.xcassets in Resources */,
				95B53B5525235CF800F0E258 /* Assets.xcassets in Resources */,
			);
			runOnlyForDeploymentPostprocessing = 0;
		};
/* End PBXResourcesBuildPhase section */

/* Begin PBXSourcesBuildPhase section */
		95B53B4925235CF600F0E258 /* Sources */ = {
			isa = PBXSourcesBuildPhase;
			buildActionMask = 2147483647;
			files = (
				95B53B83252476B100F0E258 /* NewsArticleWebView.swift in Sources */,
				95B53B6525235F6D00F0E258 /* News.swift in Sources */,
				95B53B7F252475CF00F0E258 /* WebView.swift in Sources */,
				95B53B7A2523705900F0E258 /* NewsCell.swift in Sources */,
				95B53B7725236EBA00F0E258 /* NewsListView.swift in Sources */,
				95B53B74252369AD00F0E258 /* NewsListVM.swift in Sources */,
				95B53B712523686F00F0E258 /* NewsViewModel.swift in Sources */,
				95B53B5325235CF600F0E258 /* ContentView.swift in Sources */,
				95B53B6E252364BC00F0E258 /* NetworkManager.swift in Sources */,
				95B53B6A252360EF00F0E258 /* API.swift in Sources */,
				95B53B5125235CF600F0E258 /* NewsAppMVVMSwiftUIApp.swift in Sources */,
			);
			runOnlyForDeploymentPostprocessing = 0;
		};
/* End PBXSourcesBuildPhase section */

/* Begin XCBuildConfiguration section */
		95B53B5A25235CF800F0E258 /* Debug */ = {
			isa = XCBuildConfiguration;
			buildSettings = {
				ALWAYS_SEARCH_USER_PATHS = NO;
				CLANG_ANALYZER_NONNULL = YES;
				CLANG_ANALYZER_NUMBER_OBJECT_CONVERSION = YES_AGGRESSIVE;
				CLANG_CXX_LANGUAGE_STANDARD = "gnu++14";
				CLANG_CXX_LIBRARY = "libc++";
				CLANG_ENABLE_MODULES = YES;
				CLANG_ENABLE_OBJC_ARC = YES;
				CLANG_ENABLE_OBJC_WEAK = YES;
				CLANG_WARN_BLOCK_CAPTURE_AUTORELEASING = YES;
				CLANG_WARN_BOOL_CONVERSION = YES;
				CLANG_WARN_COMMA = YES;
				CLANG_WARN_CONSTANT_CONVERSION = YES;
				CLANG_WARN_DEPRECATED_OBJC_IMPLEMENTATIONS = YES;
				CLANG_WARN_DIRECT_OBJC_ISA_USAGE = YES_ERROR;
				CLANG_WARN_DOCUMENTATION_COMMENTS = YES;
				CLANG_WARN_EMPTY_BODY = YES;
				CLANG_WARN_ENUM_CONVERSION = YES;
				CLANG_WARN_INFINITE_RECURSION = YES;
				CLANG_WARN_INT_CONVERSION = YES;
				CLANG_WARN_NON_LITERAL_NULL_CONVERSION = YES;
				CLANG_WARN_OBJC_IMPLICIT_RETAIN_SELF = YES;
				CLANG_WARN_OBJC_LITERAL_CONVERSION = YES;
				CLANG_WARN_OBJC_ROOT_CLASS = YES_ERROR;
				CLANG_WARN_QUOTED_INCLUDE_IN_FRAMEWORK_HEADER = YES;
				CLANG_WARN_RANGE_LOOP_ANALYSIS = YES;
				CLANG_WARN_STRICT_PROTOTYPES = YES;
				CLANG_WARN_SUSPICIOUS_MOVE = YES;
				CLANG_WARN_UNGUARDED_AVAILABILITY = YES_AGGRESSIVE;
				CLANG_WARN_UNREACHABLE_CODE = YES;
				CLANG_WARN__DUPLICATE_METHOD_MATCH = YES;
				COPY_PHASE_STRIP = NO;
				DEBUG_INFORMATION_FORMAT = dwarf;
				ENABLE_STRICT_OBJC_MSGSEND = YES;
				ENABLE_TESTABILITY = YES;
				GCC_C_LANGUAGE_STANDARD = gnu11;
				GCC_DYNAMIC_NO_PIC = NO;
				GCC_NO_COMMON_BLOCKS = YES;
				GCC_OPTIMIZATION_LEVEL = 0;
				GCC_PREPROCESSOR_DEFINITIONS = (
					"DEBUG=1",
					"$(inherited)",
				);
				GCC_WARN_64_TO_32_BIT_CONVERSION = YES;
				GCC_WARN_ABOUT_RETURN_TYPE = YES_ERROR;
				GCC_WARN_UNDECLARED_SELECTOR = YES;
				GCC_WARN_UNINITIALIZED_AUTOS = YES_AGGRESSIVE;
				GCC_WARN_UNUSED_FUNCTION = YES;
				GCC_WARN_UNUSED_VARIABLE = YES;
				IPHONEOS_DEPLOYMENT_TARGET = 14.0;
				MTL_ENABLE_DEBUG_INFO = INCLUDE_SOURCE;
				MTL_FAST_MATH = YES;
				ONLY_ACTIVE_ARCH = YES;
				SDKROOT = iphoneos;
				SWIFT_ACTIVE_COMPILATION_CONDITIONS = DEBUG;
				SWIFT_OPTIMIZATION_LEVEL = "-Onone";
			};
			name = Debug;
		};
		95B53B5B25235CF800F0E258 /* Release */ = {
			isa = XCBuildConfiguration;
			buildSettings = {
				ALWAYS_SEARCH_USER_PATHS = NO;
				CLANG_ANALYZER_NONNULL = YES;
				CLANG_ANALYZER_NUMBER_OBJECT_CONVERSION = YES_AGGRESSIVE;
				CLANG_CXX_LANGUAGE_STANDARD = "gnu++14";
				CLANG_CXX_LIBRARY = "libc++";
				CLANG_ENABLE_MODULES = YES;
				CLANG_ENABLE_OBJC_ARC = YES;
				CLANG_ENABLE_OBJC_WEAK = YES;
				CLANG_WARN_BLOCK_CAPTURE_AUTORELEASING = YES;
				CLANG_WARN_BOOL_CONVERSION = YES;
				CLANG_WARN_COMMA = YES;
				CLANG_WARN_CONSTANT_CONVERSION = YES;
				CLANG_WARN_DEPRECATED_OBJC_IMPLEMENTATIONS = YES;
				CLANG_WARN_DIRECT_OBJC_ISA_USAGE = YES_ERROR;
				CLANG_WARN_DOCUMENTATION_COMMENTS = YES;
				CLANG_WARN_EMPTY_BODY = YES;
				CLANG_WARN_ENUM_CONVERSION = YES;
				CLANG_WARN_INFINITE_RECURSION = YES;
				CLANG_WARN_INT_CONVERSION = YES;
				CLANG_WARN_NON_LITERAL_NULL_CONVERSION = YES;
				CLANG_WARN_OBJC_IMPLICIT_RETAIN_SELF = YES;
				CLANG_WARN_OBJC_LITERAL_CONVERSION = YES;
				CLANG_WARN_OBJC_ROOT_CLASS = YES_ERROR;
				CLANG_WARN_QUOTED_INCLUDE_IN_FRAMEWORK_HEADER = YES;
				CLANG_WARN_RANGE_LOOP_ANALYSIS = YES;
				CLANG_WARN_STRICT_PROTOTYPES = YES;
				CLANG_WARN_SUSPICIOUS_MOVE = YES;
				CLANG_WARN_UNGUARDED_AVAILABILITY = YES_AGGRESSIVE;
				CLANG_WARN_UNREACHABLE_CODE = YES;
				CLANG_WARN__DUPLICATE_METHOD_MATCH = YES;
				COPY_PHASE_STRIP = NO;
				DEBUG_INFORMATION_FORMAT = "dwarf-with-dsym";
				ENABLE_NS_ASSERTIONS = NO;
				ENABLE_STRICT_OBJC_MSGSEND = YES;
				GCC_C_LANGUAGE_STANDARD = gnu11;
				GCC_NO_COMMON_BLOCKS = YES;
				GCC_WARN_64_TO_32_BIT_CONVERSION = YES;
				GCC_WARN_ABOUT_RETURN_TYPE = YES_ERROR;
				GCC_WARN_UNDECLARED_SELECTOR = YES;
				GCC_WARN_UNINITIALIZED_AUTOS = YES_AGGRESSIVE;
				GCC_WARN_UNUSED_FUNCTION = YES;
				GCC_WARN_UNUSED_VARIABLE = YES;
				IPHONEOS_DEPLOYMENT_TARGET = 14.0;
				MTL_ENABLE_DEBUG_INFO = NO;
				MTL_FAST_MATH = YES;
				SDKROOT = iphoneos;
				SWIFT_COMPILATION_MODE = wholemodule;
				SWIFT_OPTIMIZATION_LEVEL = "-O";
				VALIDATE_PRODUCT = YES;
			};
			name = Release;
		};
		95B53B5D25235CF800F0E258 /* Debug */ = {
			isa = XCBuildConfiguration;
			buildSettings = {
				ASSETCATALOG_COMPILER_APPICON_NAME = AppIcon;
				ASSETCATALOG_COMPILER_GLOBAL_ACCENT_COLOR_NAME = AccentColor;
				CODE_SIGN_STYLE = Automatic;
				DEVELOPMENT_ASSET_PATHS = "\"NewsAppMVVMSwiftUI/Preview Content\"";
				DEVELOPMENT_TEAM = L8W86DZDY2;
				ENABLE_PREVIEWS = YES;
				INFOPLIST_FILE = NewsAppMVVMSwiftUI/Info.plist;
				IPHONEOS_DEPLOYMENT_TARGET = 14.0;
				LD_RUNPATH_SEARCH_PATHS = (
					"$(inherited)",
					"@executable_path/Frameworks",
				);
				PRODUCT_BUNDLE_IDENTIFIER = com.ri.NewsAppMVVMSwiftUI;
				PRODUCT_NAME = "$(TARGET_NAME)";
				SWIFT_VERSION = 5.0;
				TARGETED_DEVICE_FAMILY = "1,2";
			};
			name = Debug;
		};
		95B53B5E25235CF800F0E258 /* Release */ = {
			isa = XCBuildConfiguration;
			buildSettings = {
				ASSETCATALOG_COMPILER_APPICON_NAME = AppIcon;
				ASSETCATALOG_COMPILER_GLOBAL_ACCENT_COLOR_NAME = AccentColor;
				CODE_SIGN_STYLE = Automatic;
				DEVELOPMENT_ASSET_PATHS = "\"NewsAppMVVMSwiftUI/Preview Content\"";
				DEVELOPMENT_TEAM = L8W86DZDY2;
				ENABLE_PREVIEWS = YES;
				INFOPLIST_FILE = NewsAppMVVMSwiftUI/Info.plist;
				IPHONEOS_DEPLOYMENT_TARGET = 14.0;
				LD_RUNPATH_SEARCH_PATHS = (
					"$(inherited)",
					"@executable_path/Frameworks",
				);
				PRODUCT_BUNDLE_IDENTIFIER = com.ri.NewsAppMVVMSwiftUI;
				PRODUCT_NAME = "$(TARGET_NAME)";
				SWIFT_VERSION = 5.0;
				TARGETED_DEVICE_FAMILY = "1,2";
			};
			name = Release;
		};
/* End XCBuildConfiguration section */

/* Begin XCConfigurationList section */
		95B53B4825235CF600F0E258 /* Build configuration list for PBXProject "NewsAppMVVMSwiftUI" */ = {
			isa = XCConfigurationList;
			buildConfigurations = (
				95B53B5A25235CF800F0E258 /* Debug */,
				95B53B5B25235CF800F0E258 /* Release */,
			);
			defaultConfigurationIsVisible = 0;
			defaultConfigurationName = Release;
		};
		95B53B5C25235CF800F0E258 /* Build configuration list for PBXNativeTarget "NewsAppMVVMSwiftUI" */ = {
			isa = XCConfigurationList;
			buildConfigurations = (
				95B53B5D25235CF800F0E258 /* Debug */,
				95B53B5E25235CF800F0E258 /* Release */,
			);
			defaultConfigurationIsVisible = 0;
			defaultConfigurationName = Release;
		};
/* End XCConfigurationList section */
	};
	rootObject = 95B53B4525235CF600F0E258 /* Project object */;
}
